
Microsoft Visual Studio Solution File, Format Version 12.00
# Visual Studio Version 17
VisualStudioVersion = 17.10.35122.118
MinimumVisualStudioVersion = 10.0.40219.1
Project("{FAE04EC0-301F-11D3-BF4B-00C04F79EFBC}") = "Kahvio", "Kahvio\Kahvio.csproj", "{4E5325D7-DA72-4531-BE2A-FEAE4609A180}"
EndProject
Global
	GlobalSection(SolutionConfigurationPlatforms) = preSolution
		Debug|Any CPU = Debug|Any CPU
		Release|Any CPU = Release|Any CPU
	EndGlobalSection
	GlobalSection(ProjectConfigurationPlatforms) = postSolution
		{4E5325D7-DA72-4531-BE2A-FEAE4609A180}.Debug|Any CPU.ActiveCfg = Debug|Any CPU
		{4E5325D7-DA72-4531-BE2A-FEAE4609A180}.Debug|Any CPU.Build.0 = Debug|Any CPU
		{4E5325D7-DA72-4531-BE2A-FEAE4609A180}.Release|Any CPU.ActiveCfg = Release|Any CPU
		{4E5325D7-DA72-4531-BE2A-FEAE4609A180}.Release|Any CPU.Build.0 = Release|Any CPU
	EndGlobalSection
	GlobalSection(SolutionProperties) = preSolution
		HideSolutionNode = FALSE
	EndGlobalSection
	GlobalSection(ExtensibilityGlobals) = postSolution
		SolutionGuid = {543A01C1-11C9-4B70-A12A-6249D9E3D2BA}
	EndGlobalSection
EndGlobal
